// !$*UTF8*$!
{
	archiveVersion = 1;
	classes = {
	};
	objectVersion = 56;
	objects = {

/* Begin PBXBuildFile section */
		5645D40B29DCC6FD00581F1C /* Charts in Frameworks */ = {isa = PBXBuildFile; productRef = 5645D40A29DCC6FD00581F1C /* Charts */; };
		566CC31E29E4CD6700159BD9 /* xAxisValueFormatter.swift in Sources */ = {isa = PBXBuildFile; fileRef = 566CC31D29E4CD6700159BD9 /* xAxisValueFormatter.swift */; };
		568C498B29D4F39000B7934C /* AppDelegate.swift in Sources */ = {isa = PBXBuildFile; fileRef = 568C498A29D4F39000B7934C /* AppDelegate.swift */; };
		568C498D29D4F39000B7934C /* SceneDelegate.swift in Sources */ = {isa = PBXBuildFile; fileRef = 568C498C29D4F39000B7934C /* SceneDelegate.swift */; };
		568C499429D4F39300B7934C /* Assets.xcassets in Resources */ = {isa = PBXBuildFile; fileRef = 568C499329D4F39300B7934C /* Assets.xcassets */; };
		568C499729D4F39300B7934C /* LaunchScreen.storyboard in Resources */ = {isa = PBXBuildFile; fileRef = 568C499529D4F39300B7934C /* LaunchScreen.storyboard */; };
		568C49A829D4F7D400B7934C /* HomeManager.swift in Sources */ = {isa = PBXBuildFile; fileRef = 568C49A629D4F4BB00B7934C /* HomeManager.swift */; };
		568C49A929D4F7D400B7934C /* Home.storyboard in Resources */ = {isa = PBXBuildFile; fileRef = 568C49A229D4F4BB00B7934C /* Home.storyboard */; };
		568C49AB29D4F7D400B7934C /* HomeRouter.swift in Sources */ = {isa = PBXBuildFile; fileRef = 568C49A429D4F4BB00B7934C /* HomeRouter.swift */; };
		568C49AC29D4F7D400B7934C /* HomePresenter.swift in Sources */ = {isa = PBXBuildFile; fileRef = 568C49A529D4F4BB00B7934C /* HomePresenter.swift */; };
		568C49AD29D4F7D400B7934C /* HomeViewController.swift in Sources */ = {isa = PBXBuildFile; fileRef = 568C49A329D4F4BB00B7934C /* HomeViewController.swift */; };
		568C525B29D52C9600B7934C /* MoodObject.swift in Sources */ = {isa = PBXBuildFile; fileRef = 568C525A29D52C9600B7934C /* MoodObject.swift */; };
		5694D6E129E230CE00043596 /* Transport.json in Resources */ = {isa = PBXBuildFile; fileRef = 5694D6DF29E230CE00043596 /* Transport.json */; };
		5694D6E929E23D8C00043596 /* Security.json in Resources */ = {isa = PBXBuildFile; fileRef = 5694D6E729E23D8B00043596 /* Security.json */; };
		5694D6EC29E2422000043596 /* Relationship.json in Resources */ = {isa = PBXBuildFile; fileRef = 5694D6EA29E2422000043596 /* Relationship.json */; };
		5694D6EF29E244A800043596 /* Finance.json in Resources */ = {isa = PBXBuildFile; fileRef = 5694D6ED29E244A800043596 /* Finance.json */; };
		5694D6F529E2477B00043596 /* Studies.json in Resources */ = {isa = PBXBuildFile; fileRef = 5694D6F329E2477B00043596 /* Studies.json */; };
		5694D6F829E2498800043596 /* Health.json in Resources */ = {isa = PBXBuildFile; fileRef = 5694D6F629E2498800043596 /* Health.json */; };
		5694D6FE29E24FFB00043596 /* Physique.json in Resources */ = {isa = PBXBuildFile; fileRef = 5694D6FC29E24FFB00043596 /* Physique.json */; };
		5694D70129E2511400043596 /* Leisure.json in Resources */ = {isa = PBXBuildFile; fileRef = 5694D6FF29E2511400043596 /* Leisure.json */; };
		5694D70429E2531B00043596 /* Psychological.json in Resources */ = {isa = PBXBuildFile; fileRef = 5694D70229E2531B00043596 /* Psychological.json */; };
		5694D70729E256ED00043596 /* Congratulations.json in Resources */ = {isa = PBXBuildFile; fileRef = 5694D70529E256ED00043596 /* Congratulations.json */; };
		56984A9C29DFA46200A40FB9 /* UtilFacade.swift in Sources */ = {isa = PBXBuildFile; fileRef = 56984A9B29DFA46200A40FB9 /* UtilFacade.swift */; };
		56AD43F729D618EC009D5DFD /* MoodGraph.swift in Sources */ = {isa = PBXBuildFile; fileRef = 56AD43F629D618EC009D5DFD /* MoodGraph.swift */; };
		56AD43F929D61915009D5DFD /* MoodSummary.swift in Sources */ = {isa = PBXBuildFile; fileRef = 56AD43F829D61915009D5DFD /* MoodSummary.swift */; };
		56AD43FB29D61939009D5DFD /* MoodSummaryActivity.swift in Sources */ = {isa = PBXBuildFile; fileRef = 56AD43FA29D61939009D5DFD /* MoodSummaryActivity.swift */; };
		56AD43FD29D61956009D5DFD /* ChartItem.swift in Sources */ = {isa = PBXBuildFile; fileRef = 56AD43FC29D61956009D5DFD /* ChartItem.swift */; };
		56AD43FF29D61A18009D5DFD /* Extension.swift in Sources */ = {isa = PBXBuildFile; fileRef = 56AD43FE29D61A18009D5DFD /* Extension.swift */; };
		56AD440329D61AD4009D5DFD /* MoodCell.swift in Sources */ = {isa = PBXBuildFile; fileRef = 56AD440229D61AD4009D5DFD /* MoodCell.swift */; };
		56AD440529D61AF1009D5DFD /* MoodCell.xib in Resources */ = {isa = PBXBuildFile; fileRef = 56AD440429D61AF1009D5DFD /* MoodCell.xib */; };
		56AD440A29D61B9D009D5DFD /* MyMoodRouter.swift in Sources */ = {isa = PBXBuildFile; fileRef = 56AD440629D61B9D009D5DFD /* MyMoodRouter.swift */; };
		56AD440B29D61B9D009D5DFD /* MyMoodViewController.swift in Sources */ = {isa = PBXBuildFile; fileRef = 56AD440729D61B9D009D5DFD /* MyMoodViewController.swift */; };
		56AD440C29D61B9D009D5DFD /* MyMoodManager.swift in Sources */ = {isa = PBXBuildFile; fileRef = 56AD440829D61B9D009D5DFD /* MyMoodManager.swift */; };
		56AD440D29D61B9D009D5DFD /* MyMoodPresenter.swift in Sources */ = {isa = PBXBuildFile; fileRef = 56AD440929D61B9D009D5DFD /* MyMoodPresenter.swift */; };
		56AD441329D61C32009D5DFD /* MyMoodGraphView.storyboard in Resources */ = {isa = PBXBuildFile; fileRef = 56AD440E29D61C32009D5DFD /* MyMoodGraphView.storyboard */; };
		56AD441429D61C32009D5DFD /* MyMoodGraphPresenter.swift in Sources */ = {isa = PBXBuildFile; fileRef = 56AD440F29D61C32009D5DFD /* MyMoodGraphPresenter.swift */; };
		56AD441529D61C32009D5DFD /* MyMoodGraphManager.swift in Sources */ = {isa = PBXBuildFile; fileRef = 56AD441029D61C32009D5DFD /* MyMoodGraphManager.swift */; };
		56AD441629D61C32009D5DFD /* MyMoodGraphRouter.swift in Sources */ = {isa = PBXBuildFile; fileRef = 56AD441129D61C32009D5DFD /* MyMoodGraphRouter.swift */; };
		56AD441729D61C32009D5DFD /* MyMoodGraphViewController.swift in Sources */ = {isa = PBXBuildFile; fileRef = 56AD441229D61C32009D5DFD /* MyMoodGraphViewController.swift */; };
		56AD441929D61C6C009D5DFD /* MyMood.storyboard in Resources */ = {isa = PBXBuildFile; fileRef = 56AD441829D61C6C009D5DFD /* MyMood.storyboard */; };
		56AD441C29D61CB5009D5DFD /* MoodSummaryCell.swift in Sources */ = {isa = PBXBuildFile; fileRef = 56AD441A29D61CB5009D5DFD /* MoodSummaryCell.swift */; };
		56AD441D29D61CB5009D5DFD /* MoodSummaryCell.xib in Resources */ = {isa = PBXBuildFile; fileRef = 56AD441B29D61CB5009D5DFD /* MoodSummaryCell.xib */; };
		56AD442029D61D1C009D5DFD /* MoodGraphCell.swift in Sources */ = {isa = PBXBuildFile; fileRef = 56AD441E29D61D1C009D5DFD /* MoodGraphCell.swift */; };
		56AD442129D61D1C009D5DFD /* MoodGraphCell.xib in Resources */ = {isa = PBXBuildFile; fileRef = 56AD441F29D61D1C009D5DFD /* MoodGraphCell.xib */; };
		56AD442329D620BC009D5DFD /* Constants.swift in Sources */ = {isa = PBXBuildFile; fileRef = 56AD442229D620BC009D5DFD /* Constants.swift */; };
		56B71D2B29E222DF00012AD5 /* Lottie in Frameworks */ = {isa = PBXBuildFile; productRef = 56B71D2A29E222DF00012AD5 /* Lottie */; };
/* End PBXBuildFile section */

/* Begin PBXCopyFilesBuildPhase section */
		5645D40829DCC3F500581F1C /* Embed Frameworks */ = {
			isa = PBXCopyFilesBuildPhase;
			buildActionMask = 2147483647;
			dstPath = "";
			dstSubfolderSpec = 10;
			files = (
			);
			name = "Embed Frameworks";
			runOnlyForDeploymentPostprocessing = 0;
		};
/* End PBXCopyFilesBuildPhase section */

/* Begin PBXFileReference section */
		566CC31D29E4CD6700159BD9 /* xAxisValueFormatter.swift */ = {isa = PBXFileReference; lastKnownFileType = sourcecode.swift; path = xAxisValueFormatter.swift; sourceTree = "<group>"; };
		568C498729D4F39000B7934C /* MyMood.app */ = {isa = PBXFileReference; explicitFileType = wrapper.application; includeInIndex = 0; path = MyMood.app; sourceTree = BUILT_PRODUCTS_DIR; };
		568C498A29D4F39000B7934C /* AppDelegate.swift */ = {isa = PBXFileReference; lastKnownFileType = sourcecode.swift; path = AppDelegate.swift; sourceTree = "<group>"; };
		568C498C29D4F39000B7934C /* SceneDelegate.swift */ = {isa = PBXFileReference; lastKnownFileType = sourcecode.swift; path = SceneDelegate.swift; sourceTree = "<group>"; };
		568C499329D4F39300B7934C /* Assets.xcassets */ = {isa = PBXFileReference; lastKnownFileType = folder.assetcatalog; path = Assets.xcassets; sourceTree = "<group>"; };
		568C499629D4F39300B7934C /* Base */ = {isa = PBXFileReference; lastKnownFileType = file.storyboard; name = Base; path = Base.lproj/LaunchScreen.storyboard; sourceTree = "<group>"; };
		568C499829D4F39300B7934C /* Info.plist */ = {isa = PBXFileReference; lastKnownFileType = text.plist.xml; path = Info.plist; sourceTree = "<group>"; };
		568C49A229D4F4BB00B7934C /* Home.storyboard */ = {isa = PBXFileReference; lastKnownFileType = file.storyboard; path = Home.storyboard; sourceTree = "<group>"; };
		568C49A329D4F4BB00B7934C /* HomeViewController.swift */ = {isa = PBXFileReference; lastKnownFileType = sourcecode.swift; path = HomeViewController.swift; sourceTree = "<group>"; };
		568C49A429D4F4BB00B7934C /* HomeRouter.swift */ = {isa = PBXFileReference; lastKnownFileType = sourcecode.swift; path = HomeRouter.swift; sourceTree = "<group>"; };
		568C49A529D4F4BB00B7934C /* HomePresenter.swift */ = {isa = PBXFileReference; lastKnownFileType = sourcecode.swift; path = HomePresenter.swift; sourceTree = "<group>"; };
		568C49A629D4F4BB00B7934C /* HomeManager.swift */ = {isa = PBXFileReference; lastKnownFileType = sourcecode.swift; path = HomeManager.swift; sourceTree = "<group>"; };
		568C525A29D52C9600B7934C /* MoodObject.swift */ = {isa = PBXFileReference; lastKnownFileType = sourcecode.swift; path = MoodObject.swift; sourceTree = "<group>"; };
		5694D6E029E230CE00043596 /* Base */ = {isa = PBXFileReference; lastKnownFileType = text.json; name = Base; path = Base.lproj/Transport.json; sourceTree = "<group>"; };
		5694D6E829E23D8B00043596 /* Base */ = {isa = PBXFileReference; lastKnownFileType = text.json; name = Base; path = Base.lproj/Security.json; sourceTree = "<group>"; };
		5694D6EB29E2422000043596 /* Base */ = {isa = PBXFileReference; lastKnownFileType = text.json; name = Base; path = Base.lproj/Relationship.json; sourceTree = "<group>"; };
		5694D6EE29E244A800043596 /* Base */ = {isa = PBXFileReference; lastKnownFileType = text.json; name = Base; path = Base.lproj/Finance.json; sourceTree = "<group>"; };
		5694D6F429E2477B00043596 /* Base */ = {isa = PBXFileReference; lastKnownFileType = text.json; name = Base; path = Base.lproj/Studies.json; sourceTree = "<group>"; };
		5694D6F729E2498800043596 /* Base */ = {isa = PBXFileReference; lastKnownFileType = text.json; name = Base; path = Base.lproj/Health.json; sourceTree = "<group>"; };
		5694D6FD29E24FFB00043596 /* Base */ = {isa = PBXFileReference; lastKnownFileType = text.json; name = Base; path = Base.lproj/Physique.json; sourceTree = "<group>"; };
		5694D70029E2511400043596 /* Base */ = {isa = PBXFileReference; lastKnownFileType = text.json; name = Base; path = Base.lproj/Leisure.json; sourceTree = "<group>"; };
		5694D70329E2531B00043596 /* Base */ = {isa = PBXFileReference; lastKnownFileType = text.json; name = Base; path = Base.lproj/Psychological.json; sourceTree = "<group>"; };
		5694D70629E256ED00043596 /* Base */ = {isa = PBXFileReference; lastKnownFileType = text.json; name = Base; path = Base.lproj/Congratulations.json; sourceTree = "<group>"; };
		56984A9B29DFA46200A40FB9 /* UtilFacade.swift */ = {isa = PBXFileReference; lastKnownFileType = sourcecode.swift; path = UtilFacade.swift; sourceTree = "<group>"; };
		56AD43F629D618EC009D5DFD /* MoodGraph.swift */ = {isa = PBXFileReference; fileEncoding = 4; lastKnownFileType = sourcecode.swift; path = MoodGraph.swift; sourceTree = "<group>"; };
		56AD43F829D61915009D5DFD /* MoodSummary.swift */ = {isa = PBXFileReference; fileEncoding = 4; lastKnownFileType = sourcecode.swift; path = MoodSummary.swift; sourceTree = "<group>"; };
		56AD43FA29D61939009D5DFD /* MoodSummaryActivity.swift */ = {isa = PBXFileReference; fileEncoding = 4; lastKnownFileType = sourcecode.swift; path = MoodSummaryActivity.swift; sourceTree = "<group>"; };
		56AD43FC29D61956009D5DFD /* ChartItem.swift */ = {isa = PBXFileReference; fileEncoding = 4; lastKnownFileType = sourcecode.swift; path = ChartItem.swift; sourceTree = "<group>"; };
		56AD43FE29D61A18009D5DFD /* Extension.swift */ = {isa = PBXFileReference; fileEncoding = 4; lastKnownFileType = sourcecode.swift; path = Extension.swift; sourceTree = "<group>"; };
		56AD440229D61AD4009D5DFD /* MoodCell.swift */ = {isa = PBXFileReference; fileEncoding = 4; lastKnownFileType = sourcecode.swift; path = MoodCell.swift; sourceTree = "<group>"; };
		56AD440429D61AF1009D5DFD /* MoodCell.xib */ = {isa = PBXFileReference; fileEncoding = 4; lastKnownFileType = file.xib; path = MoodCell.xib; sourceTree = "<group>"; };
		56AD440629D61B9D009D5DFD /* MyMoodRouter.swift */ = {isa = PBXFileReference; fileEncoding = 4; lastKnownFileType = sourcecode.swift; path = MyMoodRouter.swift; sourceTree = "<group>"; };
		56AD440729D61B9D009D5DFD /* MyMoodViewController.swift */ = {isa = PBXFileReference; fileEncoding = 4; lastKnownFileType = sourcecode.swift; path = MyMoodViewController.swift; sourceTree = "<group>"; };
		56AD440829D61B9D009D5DFD /* MyMoodManager.swift */ = {isa = PBXFileReference; fileEncoding = 4; lastKnownFileType = sourcecode.swift; path = MyMoodManager.swift; sourceTree = "<group>"; };
		56AD440929D61B9D009D5DFD /* MyMoodPresenter.swift */ = {isa = PBXFileReference; fileEncoding = 4; lastKnownFileType = sourcecode.swift; path = MyMoodPresenter.swift; sourceTree = "<group>"; };
		56AD440E29D61C32009D5DFD /* MyMoodGraphView.storyboard */ = {isa = PBXFileReference; fileEncoding = 4; lastKnownFileType = file.storyboard; path = MyMoodGraphView.storyboard; sourceTree = "<group>"; };
		56AD440F29D61C32009D5DFD /* MyMoodGraphPresenter.swift */ = {isa = PBXFileReference; fileEncoding = 4; lastKnownFileType = sourcecode.swift; path = MyMoodGraphPresenter.swift; sourceTree = "<group>"; };
		56AD441029D61C32009D5DFD /* MyMoodGraphManager.swift */ = {isa = PBXFileReference; fileEncoding = 4; lastKnownFileType = sourcecode.swift; path = MyMoodGraphManager.swift; sourceTree = "<group>"; };
		56AD441129D61C32009D5DFD /* MyMoodGraphRouter.swift */ = {isa = PBXFileReference; fileEncoding = 4; lastKnownFileType = sourcecode.swift; path = MyMoodGraphRouter.swift; sourceTree = "<group>"; };
		56AD441229D61C32009D5DFD /* MyMoodGraphViewController.swift */ = {isa = PBXFileReference; fileEncoding = 4; lastKnownFileType = sourcecode.swift; path = MyMoodGraphViewController.swift; sourceTree = "<group>"; };
		56AD441829D61C6C009D5DFD /* MyMood.storyboard */ = {isa = PBXFileReference; fileEncoding = 4; lastKnownFileType = file.storyboard; path = MyMood.storyboard; sourceTree = "<group>"; };
		56AD441A29D61CB5009D5DFD /* MoodSummaryCell.swift */ = {isa = PBXFileReference; fileEncoding = 4; lastKnownFileType = sourcecode.swift; path = MoodSummaryCell.swift; sourceTree = "<group>"; };
		56AD441B29D61CB5009D5DFD /* MoodSummaryCell.xib */ = {isa = PBXFileReference; fileEncoding = 4; lastKnownFileType = file.xib; path = MoodSummaryCell.xib; sourceTree = "<group>"; };
		56AD441E29D61D1C009D5DFD /* MoodGraphCell.swift */ = {isa = PBXFileReference; fileEncoding = 4; lastKnownFileType = sourcecode.swift; path = MoodGraphCell.swift; sourceTree = "<group>"; };
		56AD441F29D61D1C009D5DFD /* MoodGraphCell.xib */ = {isa = PBXFileReference; fileEncoding = 4; lastKnownFileType = file.xib; path = MoodGraphCell.xib; sourceTree = "<group>"; };
		56AD442229D620BC009D5DFD /* Constants.swift */ = {isa = PBXFileReference; lastKnownFileType = sourcecode.swift; path = Constants.swift; sourceTree = "<group>"; };
/* End PBXFileReference section */

/* Begin PBXFrameworksBuildPhase section */
		568C498429D4F39000B7934C /* Frameworks */ = {
			isa = PBXFrameworksBuildPhase;
			buildActionMask = 2147483647;
			files = (
				5645D40B29DCC6FD00581F1C /* Charts in Frameworks */,
				56B71D2B29E222DF00012AD5 /* Lottie in Frameworks */,
			);
			runOnlyForDeploymentPostprocessing = 0;
		};
/* End PBXFrameworksBuildPhase section */

/* Begin PBXGroup section */
		5645D40029DCC3F500581F1C /* Frameworks */ = {
			isa = PBXGroup;
			children = (
			);
			name = Frameworks;
			sourceTree = "<group>";
		};
		568BEE7C29E12ACD000518BA /* Modules */ = {
			isa = PBXGroup;
			children = (
				568C499E29D4F4BB00B7934C /* Home */,
				568C4DEB29D4FC0600B7934C /* Mood */,
				568C524129D525CD00B7934C /* MyMoodGraph */,
			);
			path = Modules;
			sourceTree = "<group>";
		};
		568C497E29D4F39000B7934C = {
			isa = PBXGroup;
			children = (
				568C498929D4F39000B7934C /* MyMood */,
				568C498829D4F39000B7934C /* Products */,
				5645D40029DCC3F500581F1C /* Frameworks */,
			);
			sourceTree = "<group>";
		};
		568C498829D4F39000B7934C /* Products */ = {
			isa = PBXGroup;
			children = (
				568C498729D4F39000B7934C /* MyMood.app */,
			);
			name = Products;
			sourceTree = "<group>";
		};
		568C498929D4F39000B7934C /* MyMood */ = {
			isa = PBXGroup;
			children = (
				568C522C29D5215400B7934C /* Entities */,
				568C522929D520EF00B7934C /* Util */,
				568BEE7C29E12ACD000518BA /* Modules */,
				568C498A29D4F39000B7934C /* AppDelegate.swift */,
				568C498C29D4F39000B7934C /* SceneDelegate.swift */,
				568C499329D4F39300B7934C /* Assets.xcassets */,
				568C499529D4F39300B7934C /* LaunchScreen.storyboard */,
				568C499829D4F39300B7934C /* Info.plist */,
				5694D6DF29E230CE00043596 /* Transport.json */,
				5694D6E729E23D8B00043596 /* Security.json */,
				5694D6EA29E2422000043596 /* Relationship.json */,
				5694D6ED29E244A800043596 /* Finance.json */,
				5694D6F329E2477B00043596 /* Studies.json */,
				5694D6F629E2498800043596 /* Health.json */,
				5694D6FC29E24FFB00043596 /* Physique.json */,
				5694D6FF29E2511400043596 /* Leisure.json */,
				5694D70229E2531B00043596 /* Psychological.json */,
				5694D70529E256ED00043596 /* Congratulations.json */,
			);
			path = MyMood;
			sourceTree = "<group>";
		};
		568C499E29D4F4BB00B7934C /* Home */ = {
			isa = PBXGroup;
			children = (
				568C525D29D5300300B7934C /* MoodCell */,
				568C49A229D4F4BB00B7934C /* Home.storyboard */,
				568C49A329D4F4BB00B7934C /* HomeViewController.swift */,
				568C49A529D4F4BB00B7934C /* HomePresenter.swift */,
				568C49A629D4F4BB00B7934C /* HomeManager.swift */,
				568C49A429D4F4BB00B7934C /* HomeRouter.swift */,
			);
			path = Home;
			sourceTree = "<group>";
		};
		568C4DEB29D4FC0600B7934C /* Mood */ = {
			isa = PBXGroup;
			children = (
				56AD441829D61C6C009D5DFD /* MyMood.storyboard */,
				56AD440729D61B9D009D5DFD /* MyMoodViewController.swift */,
				56AD440929D61B9D009D5DFD /* MyMoodPresenter.swift */,
				56AD440829D61B9D009D5DFD /* MyMoodManager.swift */,
				56AD440629D61B9D009D5DFD /* MyMoodRouter.swift */,
			);
			path = Mood;
			sourceTree = "<group>";
		};
		568C522929D520EF00B7934C /* Util */ = {
			isa = PBXGroup;
			children = (
				56AD43FE29D61A18009D5DFD /* Extension.swift */,
				56AD442229D620BC009D5DFD /* Constants.swift */,
				56984A9B29DFA46200A40FB9 /* UtilFacade.swift */,
				566CC31D29E4CD6700159BD9 /* xAxisValueFormatter.swift */,
			);
			path = Util;
			sourceTree = "<group>";
		};
		568C522C29D5215400B7934C /* Entities */ = {
			isa = PBXGroup;
			children = (
				56AD43F629D618EC009D5DFD /* MoodGraph.swift */,
				56AD43F829D61915009D5DFD /* MoodSummary.swift */,
				56AD43FA29D61939009D5DFD /* MoodSummaryActivity.swift */,
				56AD43FC29D61956009D5DFD /* ChartItem.swift */,
				568C525A29D52C9600B7934C /* MoodObject.swift */,
			);
			path = Entities;
			sourceTree = "<group>";
		};
		568C523529D522FC00B7934C /* MoodGraphCell */ = {
			isa = PBXGroup;
			children = (
				56AD441F29D61D1C009D5DFD /* MoodGraphCell.xib */,
				56AD441E29D61D1C009D5DFD /* MoodGraphCell.swift */,
			);
			path = MoodGraphCell;
			sourceTree = "<group>";
		};
		568C523C29D5245600B7934C /* MoodSummaryCell */ = {
			isa = PBXGroup;
			children = (
				56AD441B29D61CB5009D5DFD /* MoodSummaryCell.xib */,
				56AD441A29D61CB5009D5DFD /* MoodSummaryCell.swift */,
			);
			path = MoodSummaryCell;
			sourceTree = "<group>";
		};
		568C524129D525CD00B7934C /* MyMoodGraph */ = {
			isa = PBXGroup;
			children = (
				568C523529D522FC00B7934C /* MoodGraphCell */,
				568C523C29D5245600B7934C /* MoodSummaryCell */,
				56AD440E29D61C32009D5DFD /* MyMoodGraphView.storyboard */,
				56AD441229D61C32009D5DFD /* MyMoodGraphViewController.swift */,
				56AD440F29D61C32009D5DFD /* MyMoodGraphPresenter.swift */,
				56AD441029D61C32009D5DFD /* MyMoodGraphManager.swift */,
				56AD441129D61C32009D5DFD /* MyMoodGraphRouter.swift */,
			);
			path = MyMoodGraph;
			sourceTree = "<group>";
		};
		568C525D29D5300300B7934C /* MoodCell */ = {
			isa = PBXGroup;
			children = (
				56AD440429D61AF1009D5DFD /* MoodCell.xib */,
				56AD440229D61AD4009D5DFD /* MoodCell.swift */,
			);
			path = MoodCell;
			sourceTree = "<group>";
		};
/* End PBXGroup section */

/* Begin PBXNativeTarget section */
		568C498629D4F39000B7934C /* MyMood */ = {
			isa = PBXNativeTarget;
			buildConfigurationList = 568C499B29D4F39300B7934C /* Build configuration list for PBXNativeTarget "MyMood" */;
			buildPhases = (
				568C498329D4F39000B7934C /* Sources */,
				568C498429D4F39000B7934C /* Frameworks */,
				568C498529D4F39000B7934C /* Resources */,
				5645D40829DCC3F500581F1C /* Embed Frameworks */,
			);
			buildRules = (
			);
			dependencies = (
			);
			name = MyMood;
			packageProductDependencies = (
				5645D40A29DCC6FD00581F1C /* Charts */,
				56B71D2A29E222DF00012AD5 /* Lottie */,
			);
			productName = MyMood;
			productReference = 568C498729D4F39000B7934C /* MyMood.app */;
			productType = "com.apple.product-type.application";
		};
/* End PBXNativeTarget section */

/* Begin PBXProject section */
		568C497F29D4F39000B7934C /* Project object */ = {
			isa = PBXProject;
			attributes = {
				BuildIndependentTargetsInParallel = 1;
				LastSwiftUpdateCheck = 1420;
				LastUpgradeCheck = 1420;
				TargetAttributes = {
					568C498629D4F39000B7934C = {
						CreatedOnToolsVersion = 14.2;
					};
				};
			};
			buildConfigurationList = 568C498229D4F39000B7934C /* Build configuration list for PBXProject "MyMood" */;
			compatibilityVersion = "Xcode 14.0";
			developmentRegion = en;
			hasScannedForEncodings = 0;
			knownRegions = (
				en,
				Base,
				es,
				"pt-BR",
			);
			mainGroup = 568C497E29D4F39000B7934C;
			packageReferences = (
				5645D40929DCC6FD00581F1C /* XCRemoteSwiftPackageReference "Charts" */,
				56B71D2929E222DF00012AD5 /* XCRemoteSwiftPackageReference "lottie-spm" */,
			);
			productRefGroup = 568C498829D4F39000B7934C /* Products */;
			projectDirPath = "";
			projectRoot = "";
			targets = (
				568C498629D4F39000B7934C /* MyMood */,
			);
		};
/* End PBXProject section */

/* Begin PBXResourcesBuildPhase section */
		568C498529D4F39000B7934C /* Resources */ = {
			isa = PBXResourcesBuildPhase;
			buildActionMask = 2147483647;
			files = (
				5694D6EF29E244A800043596 /* Finance.json in Resources */,
				568C499729D4F39300B7934C /* LaunchScreen.storyboard in Resources */,
				568C499429D4F39300B7934C /* Assets.xcassets in Resources */,
				5694D70729E256ED00043596 /* Congratulations.json in Resources */,
				5694D70429E2531B00043596 /* Psychological.json in Resources */,
				568C49A929D4F7D400B7934C /* Home.storyboard in Resources */,
				5694D6E929E23D8C00043596 /* Security.json in Resources */,
				56AD440529D61AF1009D5DFD /* MoodCell.xib in Resources */,
				5694D6F529E2477B00043596 /* Studies.json in Resources */,
				5694D6FE29E24FFB00043596 /* Physique.json in Resources */,
				56AD441329D61C32009D5DFD /* MyMoodGraphView.storyboard in Resources */,
				5694D6E129E230CE00043596 /* Transport.json in Resources */,
				5694D6EC29E2422000043596 /* Relationship.json in Resources */,
				56AD441929D61C6C009D5DFD /* MyMood.storyboard in Resources */,
				5694D6F829E2498800043596 /* Health.json in Resources */,
				5694D70129E2511400043596 /* Leisure.json in Resources */,
				56AD441D29D61CB5009D5DFD /* MoodSummaryCell.xib in Resources */,
				56AD442129D61D1C009D5DFD /* MoodGraphCell.xib in Resources */,
			);
			runOnlyForDeploymentPostprocessing = 0;
		};
/* End PBXResourcesBuildPhase section */

/* Begin PBXSourcesBuildPhase section */
		568C498329D4F39000B7934C /* Sources */ = {
			isa = PBXSourcesBuildPhase;
			buildActionMask = 2147483647;
			files = (
				56AD440B29D61B9D009D5DFD /* MyMoodViewController.swift in Sources */,
				56984A9C29DFA46200A40FB9 /* UtilFacade.swift in Sources */,
				56AD43F929D61915009D5DFD /* MoodSummary.swift in Sources */,
				56AD440D29D61B9D009D5DFD /* MyMoodPresenter.swift in Sources */,
				56AD440A29D61B9D009D5DFD /* MyMoodRouter.swift in Sources */,
				56AD43FB29D61939009D5DFD /* MoodSummaryActivity.swift in Sources */,
				56AD441429D61C32009D5DFD /* MyMoodGraphPresenter.swift in Sources */,
				56AD441629D61C32009D5DFD /* MyMoodGraphRouter.swift in Sources */,
				56AD43F729D618EC009D5DFD /* MoodGraph.swift in Sources */,
				56AD43FF29D61A18009D5DFD /* Extension.swift in Sources */,
				568C525B29D52C9600B7934C /* MoodObject.swift in Sources */,
				568C49AC29D4F7D400B7934C /* HomePresenter.swift in Sources */,
				566CC31E29E4CD6700159BD9 /* xAxisValueFormatter.swift in Sources */,
				56AD442029D61D1C009D5DFD /* MoodGraphCell.swift in Sources */,
				56AD441529D61C32009D5DFD /* MyMoodGraphManager.swift in Sources */,
				56AD440C29D61B9D009D5DFD /* MyMoodManager.swift in Sources */,
				568C49AB29D4F7D400B7934C /* HomeRouter.swift in Sources */,
				568C49AD29D4F7D400B7934C /* HomeViewController.swift in Sources */,
				56AD43FD29D61956009D5DFD /* ChartItem.swift in Sources */,
				568C49A829D4F7D400B7934C /* HomeManager.swift in Sources */,
				568C498B29D4F39000B7934C /* AppDelegate.swift in Sources */,
				56AD441C29D61CB5009D5DFD /* MoodSummaryCell.swift in Sources */,
				568C498D29D4F39000B7934C /* SceneDelegate.swift in Sources */,
				56AD440329D61AD4009D5DFD /* MoodCell.swift in Sources */,
				56AD441729D61C32009D5DFD /* MyMoodGraphViewController.swift in Sources */,
				56AD442329D620BC009D5DFD /* Constants.swift in Sources */,
			);
			runOnlyForDeploymentPostprocessing = 0;
		};
/* End PBXSourcesBuildPhase section */

/* Begin PBXVariantGroup section */
		568C499529D4F39300B7934C /* LaunchScreen.storyboard */ = {
			isa = PBXVariantGroup;
			children = (
				568C499629D4F39300B7934C /* Base */,
			);
			name = LaunchScreen.storyboard;
			sourceTree = "<group>";
		};
		5694D6DF29E230CE00043596 /* Transport.json */ = {
			isa = PBXVariantGroup;
			children = (
				5694D6E029E230CE00043596 /* Base */,
			);
			name = Transport.json;
			sourceTree = "<group>";
		};
		5694D6E729E23D8B00043596 /* Security.json */ = {
			isa = PBXVariantGroup;
			children = (
				5694D6E829E23D8B00043596 /* Base */,
			);
			name = Security.json;
			sourceTree = "<group>";
		};
		5694D6EA29E2422000043596 /* Relationship.json */ = {
			isa = PBXVariantGroup;
			children = (
				5694D6EB29E2422000043596 /* Base */,
			);
			name = Relationship.json;
			sourceTree = "<group>";
		};
		5694D6ED29E244A800043596 /* Finance.json */ = {
			isa = PBXVariantGroup;
			children = (
				5694D6EE29E244A800043596 /* Base */,
			);
			name = Finance.json;
			sourceTree = "<group>";
		};
		5694D6F329E2477B00043596 /* Studies.json */ = {
			isa = PBXVariantGroup;
			children = (
				5694D6F429E2477B00043596 /* Base */,
			);
			name = Studies.json;
			sourceTree = "<group>";
		};
		5694D6F629E2498800043596 /* Health.json */ = {
			isa = PBXVariantGroup;
			children = (
				5694D6F729E2498800043596 /* Base */,
			);
			name = Health.json;
			sourceTree = "<group>";
		};
		5694D6FC29E24FFB00043596 /* Physique.json */ = {
			isa = PBXVariantGroup;
			children = (
				5694D6FD29E24FFB00043596 /* Base */,
			);
			name = Physique.json;
			sourceTree = "<group>";
		};
		5694D6FF29E2511400043596 /* Leisure.json */ = {
			isa = PBXVariantGroup;
			children = (
				5694D70029E2511400043596 /* Base */,
			);
			name = Leisure.json;
			sourceTree = "<group>";
		};
		5694D70229E2531B00043596 /* Psychological.json */ = {
			isa = PBXVariantGroup;
			children = (
				5694D70329E2531B00043596 /* Base */,
			);
			name = Psychological.json;
			sourceTree = "<group>";
		};
		5694D70529E256ED00043596 /* Congratulations.json */ = {
			isa = PBXVariantGroup;
			children = (
				5694D70629E256ED00043596 /* Base */,
			);
			name = Congratulations.json;
			sourceTree = "<group>";
		};
/* End PBXVariantGroup section */

/* Begin XCBuildConfiguration section */
		568C499929D4F39300B7934C /* Debug */ = {
			isa = XCBuildConfiguration;
			buildSettings = {
				ALWAYS_SEARCH_USER_PATHS = NO;
				CLANG_ANALYZER_NONNULL = YES;
				CLANG_ANALYZER_NUMBER_OBJECT_CONVERSION = YES_AGGRESSIVE;
				CLANG_CXX_LANGUAGE_STANDARD = "gnu++20";
				CLANG_ENABLE_MODULES = YES;
				CLANG_ENABLE_OBJC_ARC = YES;
				CLANG_ENABLE_OBJC_WEAK = YES;
				CLANG_WARN_BLOCK_CAPTURE_AUTORELEASING = YES;
				CLANG_WARN_BOOL_CONVERSION = YES;
				CLANG_WARN_COMMA = YES;
				CLANG_WARN_CONSTANT_CONVERSION = YES;
				CLANG_WARN_DEPRECATED_OBJC_IMPLEMENTATIONS = YES;
				CLANG_WARN_DIRECT_OBJC_ISA_USAGE = YES_ERROR;
				CLANG_WARN_DOCUMENTATION_COMMENTS = YES;
				CLANG_WARN_EMPTY_BODY = YES;
				CLANG_WARN_ENUM_CONVERSION = YES;
				CLANG_WARN_INFINITE_RECURSION = YES;
				CLANG_WARN_INT_CONVERSION = YES;
				CLANG_WARN_NON_LITERAL_NULL_CONVERSION = YES;
				CLANG_WARN_OBJC_IMPLICIT_RETAIN_SELF = YES;
				CLANG_WARN_OBJC_LITERAL_CONVERSION = YES;
				CLANG_WARN_OBJC_ROOT_CLASS = YES_ERROR;
				CLANG_WARN_QUOTED_INCLUDE_IN_FRAMEWORK_HEADER = YES;
				CLANG_WARN_RANGE_LOOP_ANALYSIS = YES;
				CLANG_WARN_STRICT_PROTOTYPES = YES;
				CLANG_WARN_SUSPICIOUS_MOVE = YES;
				CLANG_WARN_UNGUARDED_AVAILABILITY = YES_AGGRESSIVE;
				CLANG_WARN_UNREACHABLE_CODE = YES;
				CLANG_WARN__DUPLICATE_METHOD_MATCH = YES;
				COPY_PHASE_STRIP = NO;
				DEBUG_INFORMATION_FORMAT = dwarf;
				ENABLE_STRICT_OBJC_MSGSEND = YES;
				ENABLE_TESTABILITY = YES;
				GCC_C_LANGUAGE_STANDARD = gnu11;
				GCC_DYNAMIC_NO_PIC = NO;
				GCC_NO_COMMON_BLOCKS = YES;
				GCC_OPTIMIZATION_LEVEL = 0;
				GCC_PREPROCESSOR_DEFINITIONS = (
					"DEBUG=1",
					"$(inherited)",
				);
				GCC_WARN_64_TO_32_BIT_CONVERSION = YES;
				GCC_WARN_ABOUT_RETURN_TYPE = YES_ERROR;
				GCC_WARN_UNDECLARED_SELECTOR = YES;
				GCC_WARN_UNINITIALIZED_AUTOS = YES_AGGRESSIVE;
				GCC_WARN_UNUSED_FUNCTION = YES;
				GCC_WARN_UNUSED_VARIABLE = YES;
				IPHONEOS_DEPLOYMENT_TARGET = 16.2;
				MTL_ENABLE_DEBUG_INFO = INCLUDE_SOURCE;
				MTL_FAST_MATH = YES;
				ONLY_ACTIVE_ARCH = YES;
				SDKROOT = iphoneos;
				SWIFT_ACTIVE_COMPILATION_CONDITIONS = DEBUG;
				SWIFT_OPTIMIZATION_LEVEL = "-Onone";
			};
			name = Debug;
		};
		568C499A29D4F39300B7934C /* Release */ = {
			isa = XCBuildConfiguration;
			buildSettings = {
				ALWAYS_SEARCH_USER_PATHS = NO;
				CLANG_ANALYZER_NONNULL = YES;
				CLANG_ANALYZER_NUMBER_OBJECT_CONVERSION = YES_AGGRESSIVE;
				CLANG_CXX_LANGUAGE_STANDARD = "gnu++20";
				CLANG_ENABLE_MODULES = YES;
				CLANG_ENABLE_OBJC_ARC = YES;
				CLANG_ENABLE_OBJC_WEAK = YES;
				CLANG_WARN_BLOCK_CAPTURE_AUTORELEASING = YES;
				CLANG_WARN_BOOL_CONVERSION = YES;
				CLANG_WARN_COMMA = YES;
				CLANG_WARN_CONSTANT_CONVERSION = YES;
				CLANG_WARN_DEPRECATED_OBJC_IMPLEMENTATIONS = YES;
				CLANG_WARN_DIRECT_OBJC_ISA_USAGE = YES_ERROR;
				CLANG_WARN_DOCUMENTATION_COMMENTS = YES;
				CLANG_WARN_EMPTY_BODY = YES;
				CLANG_WARN_ENUM_CONVERSION = YES;
				CLANG_WARN_INFINITE_RECURSION = YES;
				CLANG_WARN_INT_CONVERSION = YES;
				CLANG_WARN_NON_LITERAL_NULL_CONVERSION = YES;
				CLANG_WARN_OBJC_IMPLICIT_RETAIN_SELF = YES;
				CLANG_WARN_OBJC_LITERAL_CONVERSION = YES;
				CLANG_WARN_OBJC_ROOT_CLASS = YES_ERROR;
				CLANG_WARN_QUOTED_INCLUDE_IN_FRAMEWORK_HEADER = YES;
				CLANG_WARN_RANGE_LOOP_ANALYSIS = YES;
				CLANG_WARN_STRICT_PROTOTYPES = YES;
				CLANG_WARN_SUSPICIOUS_MOVE = YES;
				CLANG_WARN_UNGUARDED_AVAILABILITY = YES_AGGRESSIVE;
				CLANG_WARN_UNREACHABLE_CODE = YES;
				CLANG_WARN__DUPLICATE_METHOD_MATCH = YES;
				COPY_PHASE_STRIP = NO;
				DEBUG_INFORMATION_FORMAT = "dwarf-with-dsym";
				ENABLE_NS_ASSERTIONS = NO;
				ENABLE_STRICT_OBJC_MSGSEND = YES;
				GCC_C_LANGUAGE_STANDARD = gnu11;
				GCC_NO_COMMON_BLOCKS = YES;
				GCC_WARN_64_TO_32_BIT_CONVERSION = YES;
				GCC_WARN_ABOUT_RETURN_TYPE = YES_ERROR;
				GCC_WARN_UNDECLARED_SELECTOR = YES;
				GCC_WARN_UNINITIALIZED_AUTOS = YES_AGGRESSIVE;
				GCC_WARN_UNUSED_FUNCTION = YES;
				GCC_WARN_UNUSED_VARIABLE = YES;
				IPHONEOS_DEPLOYMENT_TARGET = 16.2;
				MTL_ENABLE_DEBUG_INFO = NO;
				MTL_FAST_MATH = YES;
				SDKROOT = iphoneos;
				SWIFT_COMPILATION_MODE = wholemodule;
				SWIFT_OPTIMIZATION_LEVEL = "-O";
				VALIDATE_PRODUCT = YES;
			};
			name = Release;
		};
		568C499C29D4F39300B7934C /* Debug */ = {
			isa = XCBuildConfiguration;
			buildSettings = {
				ASSETCATALOG_COMPILER_APPICON_NAME = AppIcon;
				ASSETCATALOG_COMPILER_GLOBAL_ACCENT_COLOR_NAME = AccentColor;
				CODE_SIGN_STYLE = Automatic;
				CURRENT_PROJECT_VERSION = 1;
				DEVELOPMENT_TEAM = PZ37P64H52;
				GENERATE_INFOPLIST_FILE = YES;
				INFOPLIST_FILE = MyMood/Info.plist;
				INFOPLIST_KEY_UIApplicationSupportsIndirectInputEvents = YES;
				INFOPLIST_KEY_UILaunchStoryboardName = LaunchScreen;
				INFOPLIST_KEY_UISupportedInterfaceOrientations = UIInterfaceOrientationPortrait;
				INFOPLIST_KEY_UISupportedInterfaceOrientations_iPad = "UIInterfaceOrientationPortrait UIInterfaceOrientationPortraitUpsideDown";
				LD_RUNPATH_SEARCH_PATHS = (
					"$(inherited)",
					"@executable_path/Frameworks",
				);
				MARKETING_VERSION = 1.0;
				PRODUCT_BUNDLE_IDENTIFIER = br.com.glaubergustavo.MyMood;
				PRODUCT_NAME = "$(TARGET_NAME)";
				SWIFT_EMIT_LOC_STRINGS = YES;
				SWIFT_VERSION = 5.0;
				TARGETED_DEVICE_FAMILY = "1,2";
			};
			name = Debug;
		};
		568C499D29D4F39300B7934C /* Release */ = {
			isa = XCBuildConfiguration;
			buildSettings = {
				ASSETCATALOG_COMPILER_APPICON_NAME = AppIcon;
				ASSETCATALOG_COMPILER_GLOBAL_ACCENT_COLOR_NAME = AccentColor;
				CODE_SIGN_STYLE = Automatic;
				CURRENT_PROJECT_VERSION = 1;
				DEVELOPMENT_TEAM = PZ37P64H52;
				GENERATE_INFOPLIST_FILE = YES;
				INFOPLIST_FILE = MyMood/Info.plist;
				INFOPLIST_KEY_UIApplicationSupportsIndirectInputEvents = YES;
				INFOPLIST_KEY_UILaunchStoryboardName = LaunchScreen;
				INFOPLIST_KEY_UISupportedInterfaceOrientations = UIInterfaceOrientationPortrait;
				INFOPLIST_KEY_UISupportedInterfaceOrientations_iPad = "UIInterfaceOrientationPortrait UIInterfaceOrientationPortraitUpsideDown";
				LD_RUNPATH_SEARCH_PATHS = (
					"$(inherited)",
					"@executable_path/Frameworks",
				);
				MARKETING_VERSION = 1.0;
				PRODUCT_BUNDLE_IDENTIFIER = br.com.glaubergustavo.MyMood;
				PRODUCT_NAME = "$(TARGET_NAME)";
				SWIFT_EMIT_LOC_STRINGS = YES;
				SWIFT_VERSION = 5.0;
				TARGETED_DEVICE_FAMILY = "1,2";
			};
			name = Release;
		};
/* End XCBuildConfiguration section */

/* Begin XCConfigurationList section */
		568C498229D4F39000B7934C /* Build configuration list for PBXProject "MyMood" */ = {
			isa = XCConfigurationList;
			buildConfigurations = (
				568C499929D4F39300B7934C /* Debug */,
				568C499A29D4F39300B7934C /* Release */,
			);
			defaultConfigurationIsVisible = 0;
			defaultConfigurationName = Release;
		};
		568C499B29D4F39300B7934C /* Build configuration list for PBXNativeTarget "MyMood" */ = {
			isa = XCConfigurationList;
			buildConfigurations = (
				568C499C29D4F39300B7934C /* Debug */,
				568C499D29D4F39300B7934C /* Release */,
			);
			defaultConfigurationIsVisible = 0;
			defaultConfigurationName = Release;
		};
/* End XCConfigurationList section */

/* Begin XCRemoteSwiftPackageReference section */
		5645D40929DCC6FD00581F1C /* XCRemoteSwiftPackageReference "Charts" */ = {
			isa = XCRemoteSwiftPackageReference;
			repositoryURL = "https://github.com/danielgindi/Charts.git";
			requirement = {
				kind = upToNextMajorVersion;
				minimumVersion = 4.1.0;
			};
		};
		56B71D2929E222DF00012AD5 /* XCRemoteSwiftPackageReference "lottie-spm" */ = {
			isa = XCRemoteSwiftPackageReference;
			repositoryURL = "https://github.com/airbnb/lottie-spm.git";
			requirement = {
				kind = upToNextMajorVersion;
				minimumVersion = 4.1.3;
			};
		};
/* End XCRemoteSwiftPackageReference section */

/* Begin XCSwiftPackageProductDependency section */
		5645D40A29DCC6FD00581F1C /* Charts */ = {
			isa = XCSwiftPackageProductDependency;
			package = 5645D40929DCC6FD00581F1C /* XCRemoteSwiftPackageReference "Charts" */;
			productName = Charts;
		};
		56B71D2A29E222DF00012AD5 /* Lottie */ = {
			isa = XCSwiftPackageProductDependency;
			package = 56B71D2929E222DF00012AD5 /* XCRemoteSwiftPackageReference "lottie-spm" */;
			productName = Lottie;
		};
/* End XCSwiftPackageProductDependency section */
	};
	rootObject = 568C497F29D4F39000B7934C /* Project object */;
}
